
Microsoft Visual Studio Solution File, Format Version 12.00
# Visual Studio Version 17
VisualStudioVersion = 17.6.33801.468
MinimumVisualStudioVersion = 10.0.40219.1
Project("{FAE04EC0-301F-11D3-BF4B-00C04F79EFBC}") = "Guessing_Game_two", "Guessing_Game_two.csproj", "{308649A5-CDF4-4506-81AB-07584017AB39}"
EndProject
Global
	GlobalSection(SolutionConfigurationPlatforms) = preSolution
		Debug|Any CPU = Debug|Any CPU
		Release|Any CPU = Release|Any CPU
	EndGlobalSection
	GlobalSection(ProjectConfigurationPlatforms) = postSolution
		{308649A5-CDF4-4506-81AB-07584017AB39}.Debug|Any CPU.ActiveCfg = Debug|Any CPU
		{308649A5-CDF4-4506-81AB-07584017AB39}.Debug|Any CPU.Build.0 = Debug|Any CPU
		{308649A5-CDF4-4506-81AB-07584017AB39}.Release|Any CPU.ActiveCfg = Release|Any CPU
		{308649A5-CDF4-4506-81AB-07584017AB39}.Release|Any CPU.Build.0 = Release|Any CPU
	EndGlobalSection
	GlobalSection(SolutionProperties) = preSolution
		HideSolutionNode = FALSE
	EndGlobalSection
	GlobalSection(ExtensibilityGlobals) = postSolution
		SolutionGuid = {8BB519F1-D0F1-40F2-A642-6681A9170199}
	EndGlobalSection
EndGlobal
